
Microsoft Visual Studio Solution File, Format Version 12.00
# Visual Studio Version 16
VisualStudioVersion = 16.0.30914.41
MinimumVisualStudioVersion = 10.0.40219.1
Project("{C7167F0D-BC9F-4E6E-AFE1-012C56B48DB5}") = "WinUITitleBarAPISample (Package)", "WinUITitleBarAPISample (Package)\WinUITitleBarAPISample (Package).wapproj", "{293469E4-17AF-402E-AF12-61170F5775E7}"
EndProject
Project("{FAE04EC0-301F-11D3-BF4B-00C04F79EFBC}") = "WinUITitleBarAPISample", "WinUITitleBarAPISample\WinUITitleBarAPISample.csproj", "{36D40388-D1E5-476F-9BA9-1E2CC809DD1E}"
EndProject
Global
	GlobalSection(SolutionConfigurationPlatforms) = preSolution
		Debug|arm64 = Debug|arm64
		Debug|x64 = Debug|x64
		Debug|x86 = Debug|x86
		Release|arm64 = Release|arm64
		Release|x64 = Release|x64
		Release|x86 = Release|x86
	EndGlobalSection
	GlobalSection(ProjectConfigurationPlatforms) = postSolution
		{293469E4-17AF-402E-AF12-61170F5775E7}.Debug|arm64.ActiveCfg = Debug|arm64
		{293469E4-17AF-402E-AF12-61170F5775E7}.Debug|arm64.Build.0 = Debug|arm64
		{293469E4-17AF-402E-AF12-61170F5775E7}.Debug|arm64.Deploy.0 = Debug|arm64
		{293469E4-17AF-402E-AF12-61170F5775E7}.Debug|x64.ActiveCfg = Debug|x64
		{293469E4-17AF-402E-AF12-61170F5775E7}.Debug|x64.Build.0 = Debug|x64
		{293469E4-17AF-402E-AF12-61170F5775E7}.Debug|x64.Deploy.0 = Debug|x64
		{293469E4-17AF-402E-AF12-61170F5775E7}.Debug|x86.ActiveCfg = Debug|x86
		{293469E4-17AF-402E-AF12-61170F5775E7}.Debug|x86.Build.0 = Debug|x86
		{293469E4-17AF-402E-AF12-61170F5775E7}.Debug|x86.Deploy.0 = Debug|x86
		{293469E4-17AF-402E-AF12-61170F5775E7}.Release|arm64.ActiveCfg = Release|arm64
		{293469E4-17AF-402E-AF12-61170F5775E7}.Release|arm64.Build.0 = Release|arm64
		{293469E4-17AF-402E-AF12-61170F5775E7}.Release|arm64.Deploy.0 = Release|arm64
		{293469E4-17AF-402E-AF12-61170F5775E7}.Release|x64.ActiveCfg = Release|x64
		{293469E4-17AF-402E-AF12-61170F5775E7}.Release|x64.Build.0 = Release|x64
		{293469E4-17AF-402E-AF12-61170F5775E7}.Release|x64.Deploy.0 = Release|x64
		{293469E4-17AF-402E-AF12-61170F5775E7}.Release|x86.ActiveCfg = Release|x86
		{293469E4-17AF-402E-AF12-61170F5775E7}.Release|x86.Build.0 = Release|x86
		{293469E4-17AF-402E-AF12-61170F5775E7}.Release|x86.Deploy.0 = Release|x86
		{36D40388-D1E5-476F-9BA9-1E2CC809DD1E}.Debug|arm64.ActiveCfg = Debug|arm64
		{36D40388-D1E5-476F-9BA9-1E2CC809DD1E}.Debug|arm64.Build.0 = Debug|arm64
		{36D40388-D1E5-476F-9BA9-1E2CC809DD1E}.Debug|x64.ActiveCfg = Debug|x64
		{36D40388-D1E5-476F-9BA9-1E2CC809DD1E}.Debug|x64.Build.0 = Debug|x64
		{36D40388-D1E5-476F-9BA9-1E2CC809DD1E}.Debug|x86.ActiveCfg = Debug|x86
		{36D40388-D1E5-476F-9BA9-1E2CC809DD1E}.Debug|x86.Build.0 = Debug|x86
		{36D40388-D1E5-476F-9BA9-1E2CC809DD1E}.Release|arm64.ActiveCfg = Release|arm64
		{36D40388-D1E5-476F-9BA9-1E2CC809DD1E}.Release|arm64.Build.0 = Release|arm64
		{36D40388-D1E5-476F-9BA9-1E2CC809DD1E}.Release|x64.ActiveCfg = Release|x64
		{36D40388-D1E5-476F-9BA9-1E2CC809DD1E}.Release|x64.Build.0 = Release|x64
		{36D40388-D1E5-476F-9BA9-1E2CC809DD1E}.Release|x86.ActiveCfg = Release|x86
		{36D40388-D1E5-476F-9BA9-1E2CC809DD1E}.Release|x86.Build.0 = Release|x86
	EndGlobalSection
	GlobalSection(SolutionProperties) = preSolution
		HideSolutionNode = FALSE
	EndGlobalSection
	GlobalSection(ExtensibilityGlobals) = postSolution
		SolutionGuid = {1BB3A324-DDF6-480A-A9E6-D4573BB05DFA}
	EndGlobalSection
EndGlobal
